// !$*UTF8*$!
{
	archiveVersion = 1;
	classes = {
	};
	objectVersion = 77;
	objects = {

/* Begin PBXBuildFile section */
		10B37EFB91847FC040C2F7E6 /* ToDoAppWidget.appex in Embed Foundation Extensions */ = {isa = PBXBuildFile; fileRef = 9FBC06D4253FE274C3C21970 /* ToDoAppWidget.appex */; settings = {ATTRIBUTES = (RemoveHeadersOnCopy, ); }; };
		13F6BAB3B94AC7BD0F56BCC3 /* ShareSheetView.swift in Sources */ = {isa = PBXBuildFile; fileRef = 17D44756D124F568B89E0C7A /* ShareSheetView.swift */; };
		1811CA283A3A1DECB3D3E05F /* ToDoAppApp.swift in Sources */ = {isa = PBXBuildFile; fileRef = F79DFD2652191E52A8132801 /* ToDoAppApp.swift */; };
		187A3C4B9AF7B733D129A29D /* HomeView.swift in Sources */ = {isa = PBXBuildFile; fileRef = 4ED4BC370E0A54FE6576D4FB /* HomeView.swift */; };
		23E2D2296DFD7B37BFC2DE9B /* DemoSeeder.swift in Sources */ = {isa = PBXBuildFile; fileRef = 817D1AC6581D593538F31137 /* DemoSeeder.swift */; };
		40A5DDD3CA0FC64F061840D0 /* Preview Assets.xcassets in Resources */ = {isa = PBXBuildFile; fileRef = F82D84D7171BDE2950B437AC /* Preview Assets.xcassets */; };
		44B934A50C32FDE17BD0D76A /* FridgeWidget.swift in Sources */ = {isa = PBXBuildFile; fileRef = 2B76FADB4ED91C1F8723526F /* FridgeWidget.swift */; };
		46098AFD43CA19828EB269E2 /* Assignee.swift in Sources */ = {isa = PBXBuildFile; fileRef = D804928392819590D28A04CE /* Assignee.swift */; };
		592261C8CC2F67C53D8DBF4D /* TaskAttachment.swift in Sources */ = {isa = PBXBuildFile; fileRef = 928D5D2B6A73981E75135E39 /* TaskAttachment.swift */; };
		5BA5A856DB6BBCBF66398860 /* TaskScope.swift in Sources */ = {isa = PBXBuildFile; fileRef = 3B7463D7A8199BD05F4CD513 /* TaskScope.swift */; };
		6109FEFCCDDC65CB3513418D /* SharedAppGroup.swift in Sources */ = {isa = PBXBuildFile; fileRef = 1137D8FE07FE0F7419351E78 /* SharedAppGroup.swift */; };
		6CB4E97BA6E3C7E27891865F /* RootTabView.swift in Sources */ = {isa = PBXBuildFile; fileRef = 2F8167B12DB212A72CC17ACB /* RootTabView.swift */; };
		71EC431A3A7EC073FAE31AFA /* CalendarHelper.swift in Sources */ = {isa = PBXBuildFile; fileRef = 11F328C19BC4ED217D2447D4 /* CalendarHelper.swift */; };
		72D0D39AA4C6B83EAD4F20A2 /* Assets.xcassets in Resources */ = {isa = PBXBuildFile; fileRef = 888526FD9C99D628D33D6462 /* Assets.xcassets */; };
		7E0B475545B238F8ED377958 /* TaskRow.swift in Sources */ = {isa = PBXBuildFile; fileRef = 9A2B3C72DC0835F149071641 /* TaskRow.swift */; };
		80CF072CA5650B7B06FF88C3 /* RescheduleSheet.swift in Sources */ = {isa = PBXBuildFile; fileRef = C9E5A4B09CCB21EFB2435C23 /* RescheduleSheet.swift */; };
		82EA982DD2E0C34A87EDC2D4 /* TodoItem.swift in Sources */ = {isa = PBXBuildFile; fileRef = E621D2F5DA713C77F5729DD2 /* TodoItem.swift */; };
		8A7D90CACE8428752E840E58 /* FridgeWidgetEntry.swift in Sources */ = {isa = PBXBuildFile; fileRef = 483276A9EEE0DEF613B13CEF /* FridgeWidgetEntry.swift */; };
		8B5D662678B63A452DD23A7F /* AppConfig.swift in Sources */ = {isa = PBXBuildFile; fileRef = 2992B866A09E7054CB1D0E5C /* AppConfig.swift */; };
		8ED8FC204BE12F21A5CDAC1F /* WidgetStore.swift in Sources */ = {isa = PBXBuildFile; fileRef = C85538781EB2B06A8793D54F /* WidgetStore.swift */; };
		9385281766A4B237D7127051 /* CalendarHelper.swift in Sources */ = {isa = PBXBuildFile; fileRef = 11F328C19BC4ED217D2447D4 /* CalendarHelper.swift */; };
		990D1DF5D041CB63B3173AD2 /* SettingsView.swift in Sources */ = {isa = PBXBuildFile; fileRef = 64E547680E27C6AEB4C31437 /* SettingsView.swift */; };
		9ED3ECA0C63C86B3436E39B9 /* ModelContainer+Shared.swift in Sources */ = {isa = PBXBuildFile; fileRef = E4CEE1C47C5432B91C474E30 /* ModelContainer+Shared.swift */; };
		A9B0DF162A9796EA7C6A6B47 /* TaskScope.swift in Sources */ = {isa = PBXBuildFile; fileRef = 3B7463D7A8199BD05F4CD513 /* TaskScope.swift */; };
		AC28E7BB19D22A5C10E4E45E /* WeekFocus.swift in Sources */ = {isa = PBXBuildFile; fileRef = 507C6DC7BBD5D9ECA7E9CAD9 /* WeekFocus.swift */; };
		B90AEF4E22E253DC1526040A /* RecurrenceRule.swift in Sources */ = {isa = PBXBuildFile; fileRef = EE5FDE96F6D26AF21D1C273C /* RecurrenceRule.swift */; };
		BE6FDFDE3B913A239F163AF0 /* ToDoAppWidgetBundle.swift in Sources */ = {isa = PBXBuildFile; fileRef = 9B538B038291DE230E4D0AC9 /* ToDoAppWidgetBundle.swift */; };
		C9CE3A92053990A37055A7EA /* FridgeWidgetProvider.swift in Sources */ = {isa = PBXBuildFile; fileRef = CD02AF1AC6F16853E90D0E81 /* FridgeWidgetProvider.swift */; };
		D1C9C063B4C1D9D8B460B0F8 /* SharedAppGroup.swift in Sources */ = {isa = PBXBuildFile; fileRef = 1137D8FE07FE0F7419351E78 /* SharedAppGroup.swift */; };
		D2187AB8F4F483B61EB5678C /* WeekFocusBanner.swift in Sources */ = {isa = PBXBuildFile; fileRef = B722D4E777F1F2BA465CE0F0 /* WeekFocusBanner.swift */; };
		E0E0254AFE5B707F29BCBDEE /* PlannerView.swift in Sources */ = {isa = PBXBuildFile; fileRef = 6C4D7A677E98DA962174F56D /* PlannerView.swift */; };
		E4ED5505974582717BD2FAAF /* Assignee.swift in Sources */ = {isa = PBXBuildFile; fileRef = D804928392819590D28A04CE /* Assignee.swift */; };
		E5778235C69E322B549EDF59 /* RecurrenceRule.swift in Sources */ = {isa = PBXBuildFile; fileRef = EE5FDE96F6D26AF21D1C273C /* RecurrenceRule.swift */; };
		EFDBA73AC519929BAA639683 /* TodoItem.swift in Sources */ = {isa = PBXBuildFile; fileRef = E621D2F5DA713C77F5729DD2 /* TodoItem.swift */; };
		FD3F714B3773E39BB5FDB761 /* TaskAttachment.swift in Sources */ = {isa = PBXBuildFile; fileRef = 928D5D2B6A73981E75135E39 /* TaskAttachment.swift */; };
		FEA115CBB701280C53BE8037 /* WeekFocus.swift in Sources */ = {isa = PBXBuildFile; fileRef = 507C6DC7BBD5D9ECA7E9CAD9 /* WeekFocus.swift */; };
/* End PBXBuildFile section */

/* Begin PBXContainerItemProxy section */
		1372B8277311BD1A44616C7F /* PBXContainerItemProxy */ = {
			isa = PBXContainerItemProxy;
			containerPortal = 0A0BC027BCCAE1EE009D76E3 /* Project object */;
			proxyType = 1;
			remoteGlobalIDString = 8E09C28FE0D8A4498E5B6BC5;
			remoteInfo = ToDoAppWidget;
		};
/* End PBXContainerItemProxy section */

/* Begin PBXCopyFilesBuildPhase section */
		99637B7A421AACA8F728D06C /* Embed Foundation Extensions */ = {
			isa = PBXCopyFilesBuildPhase;
			buildActionMask = 2147483647;
			dstPath = "";
			dstSubfolderSpec = 13;
			files = (
				10B37EFB91847FC040C2F7E6 /* ToDoAppWidget.appex in Embed Foundation Extensions */,
			);
			name = "Embed Foundation Extensions";
			runOnlyForDeploymentPostprocessing = 0;
		};
/* End PBXCopyFilesBuildPhase section */

/* Begin PBXFileReference section */
		1137D8FE07FE0F7419351E78 /* SharedAppGroup.swift */ = {isa = PBXFileReference; lastKnownFileType = sourcecode.swift; path = SharedAppGroup.swift; sourceTree = "<group>"; };
		11F328C19BC4ED217D2447D4 /* CalendarHelper.swift */ = {isa = PBXFileReference; lastKnownFileType = sourcecode.swift; path = CalendarHelper.swift; sourceTree = "<group>"; };
		17D44756D124F568B89E0C7A /* ShareSheetView.swift */ = {isa = PBXFileReference; lastKnownFileType = sourcecode.swift; path = ShareSheetView.swift; sourceTree = "<group>"; };
		2992B866A09E7054CB1D0E5C /* AppConfig.swift */ = {isa = PBXFileReference; lastKnownFileType = sourcecode.swift; path = AppConfig.swift; sourceTree = "<group>"; };
		2B76FADB4ED91C1F8723526F /* FridgeWidget.swift */ = {isa = PBXFileReference; lastKnownFileType = sourcecode.swift; path = FridgeWidget.swift; sourceTree = "<group>"; };
		2C8ACFCCE6C31A619B72FFA6 /* ToDoApp.entitlements */ = {isa = PBXFileReference; lastKnownFileType = text.plist.entitlements; path = ToDoApp.entitlements; sourceTree = "<group>"; };
		2F8167B12DB212A72CC17ACB /* RootTabView.swift */ = {isa = PBXFileReference; lastKnownFileType = sourcecode.swift; path = RootTabView.swift; sourceTree = "<group>"; };
		317451B1B109F75D0984C702 /* ToDoApp.app */ = {isa = PBXFileReference; includeInIndex = 0; lastKnownFileType = wrapper.application; path = ToDoApp.app; sourceTree = BUILT_PRODUCTS_DIR; };
		3B7463D7A8199BD05F4CD513 /* TaskScope.swift */ = {isa = PBXFileReference; lastKnownFileType = sourcecode.swift; path = TaskScope.swift; sourceTree = "<group>"; };
		483276A9EEE0DEF613B13CEF /* FridgeWidgetEntry.swift */ = {isa = PBXFileReference; lastKnownFileType = sourcecode.swift; path = FridgeWidgetEntry.swift; sourceTree = "<group>"; };
		4ED4BC370E0A54FE6576D4FB /* HomeView.swift */ = {isa = PBXFileReference; lastKnownFileType = sourcecode.swift; path = HomeView.swift; sourceTree = "<group>"; };
		507C6DC7BBD5D9ECA7E9CAD9 /* WeekFocus.swift */ = {isa = PBXFileReference; lastKnownFileType = sourcecode.swift; path = WeekFocus.swift; sourceTree = "<group>"; };
		64E547680E27C6AEB4C31437 /* SettingsView.swift */ = {isa = PBXFileReference; lastKnownFileType = sourcecode.swift; path = SettingsView.swift; sourceTree = "<group>"; };
		6C4D7A677E98DA962174F56D /* PlannerView.swift */ = {isa = PBXFileReference; lastKnownFileType = sourcecode.swift; path = PlannerView.swift; sourceTree = "<group>"; };
		817D1AC6581D593538F31137 /* DemoSeeder.swift */ = {isa = PBXFileReference; lastKnownFileType = sourcecode.swift; path = DemoSeeder.swift; sourceTree = "<group>"; };
		888526FD9C99D628D33D6462 /* Assets.xcassets */ = {isa = PBXFileReference; lastKnownFileType = folder.assetcatalog; path = Assets.xcassets; sourceTree = "<group>"; };
		928D5D2B6A73981E75135E39 /* TaskAttachment.swift */ = {isa = PBXFileReference; lastKnownFileType = sourcecode.swift; path = TaskAttachment.swift; sourceTree = "<group>"; };
		9A2B3C72DC0835F149071641 /* TaskRow.swift */ = {isa = PBXFileReference; lastKnownFileType = sourcecode.swift; path = TaskRow.swift; sourceTree = "<group>"; };
		9B538B038291DE230E4D0AC9 /* ToDoAppWidgetBundle.swift */ = {isa = PBXFileReference; lastKnownFileType = sourcecode.swift; path = ToDoAppWidgetBundle.swift; sourceTree = "<group>"; };
		9FBC06D4253FE274C3C21970 /* ToDoAppWidget.appex */ = {isa = PBXFileReference; includeInIndex = 0; lastKnownFileType = "wrapper.app-extension"; path = ToDoAppWidget.appex; sourceTree = BUILT_PRODUCTS_DIR; };
		B722D4E777F1F2BA465CE0F0 /* WeekFocusBanner.swift */ = {isa = PBXFileReference; lastKnownFileType = sourcecode.swift; path = WeekFocusBanner.swift; sourceTree = "<group>"; };
		C85538781EB2B06A8793D54F /* WidgetStore.swift */ = {isa = PBXFileReference; lastKnownFileType = sourcecode.swift; path = WidgetStore.swift; sourceTree = "<group>"; };
		C9E5A4B09CCB21EFB2435C23 /* RescheduleSheet.swift */ = {isa = PBXFileReference; lastKnownFileType = sourcecode.swift; path = RescheduleSheet.swift; sourceTree = "<group>"; };
		CD02AF1AC6F16853E90D0E81 /* FridgeWidgetProvider.swift */ = {isa = PBXFileReference; lastKnownFileType = sourcecode.swift; path = FridgeWidgetProvider.swift; sourceTree = "<group>"; };
		D67AC9478869A5F66E5BEFED /* Info.plist */ = {isa = PBXFileReference; lastKnownFileType = text.plist; path = Info.plist; sourceTree = "<group>"; };
		D804928392819590D28A04CE /* Assignee.swift */ = {isa = PBXFileReference; lastKnownFileType = sourcecode.swift; path = Assignee.swift; sourceTree = "<group>"; };
		E4CEE1C47C5432B91C474E30 /* ModelContainer+Shared.swift */ = {isa = PBXFileReference; lastKnownFileType = sourcecode.swift; path = "ModelContainer+Shared.swift"; sourceTree = "<group>"; };
		E621D2F5DA713C77F5729DD2 /* TodoItem.swift */ = {isa = PBXFileReference; lastKnownFileType = sourcecode.swift; path = TodoItem.swift; sourceTree = "<group>"; };
		EB0A090424804350D2F84C1C /* ToDoAppWidget.entitlements */ = {isa = PBXFileReference; lastKnownFileType = text.plist.entitlements; path = ToDoAppWidget.entitlements; sourceTree = "<group>"; };
		EE5FDE96F6D26AF21D1C273C /* RecurrenceRule.swift */ = {isa = PBXFileReference; lastKnownFileType = sourcecode.swift; path = RecurrenceRule.swift; sourceTree = "<group>"; };
		F79DFD2652191E52A8132801 /* ToDoAppApp.swift */ = {isa = PBXFileReference; lastKnownFileType = sourcecode.swift; path = ToDoAppApp.swift; sourceTree = "<group>"; };
		F82D84D7171BDE2950B437AC /* Preview Assets.xcassets */ = {isa = PBXFileReference; lastKnownFileType = folder.assetcatalog; path = "Preview Assets.xcassets"; sourceTree = "<group>"; };
/* End PBXFileReference section */

/* Begin PBXGroup section */
		1CBABD74A524730ADEFF27A9 /* Persistence */ = {
			isa = PBXGroup;
			children = (
				2992B866A09E7054CB1D0E5C /* AppConfig.swift */,
				817D1AC6581D593538F31137 /* DemoSeeder.swift */,
				E4CEE1C47C5432B91C474E30 /* ModelContainer+Shared.swift */,
				1137D8FE07FE0F7419351E78 /* SharedAppGroup.swift */,
			);
			path = Persistence;
			sourceTree = "<group>";
		};
		21C0CBCA88A9F9AFBB7B813E /* ToDoApp */ = {
			isa = PBXGroup;
			children = (
				888526FD9C99D628D33D6462 /* Assets.xcassets */,
				2C8ACFCCE6C31A619B72FFA6 /* ToDoApp.entitlements */,
				F79DFD2652191E52A8132801 /* ToDoAppApp.swift */,
				6A15470FA35F216053463EF5 /* Models */,
				1CBABD74A524730ADEFF27A9 /* Persistence */,
				4783255A3D3C93842AEECA9D /* Preview Content */,
				BA1ABBECC0E60154746D669A /* Views */,
			);
			path = ToDoApp;
			sourceTree = "<group>";
		};
		4783255A3D3C93842AEECA9D /* Preview Content */ = {
			isa = PBXGroup;
			children = (
				F82D84D7171BDE2950B437AC /* Preview Assets.xcassets */,
			);
			path = "Preview Content";
			sourceTree = "<group>";
		};
		6A15470FA35F216053463EF5 /* Models */ = {
			isa = PBXGroup;
			children = (
				D804928392819590D28A04CE /* Assignee.swift */,
				11F328C19BC4ED217D2447D4 /* CalendarHelper.swift */,
				EE5FDE96F6D26AF21D1C273C /* RecurrenceRule.swift */,
				928D5D2B6A73981E75135E39 /* TaskAttachment.swift */,
				3B7463D7A8199BD05F4CD513 /* TaskScope.swift */,
				E621D2F5DA713C77F5729DD2 /* TodoItem.swift */,
				507C6DC7BBD5D9ECA7E9CAD9 /* WeekFocus.swift */,
			);
			path = Models;
			sourceTree = "<group>";
		};
		86536041823BD8341D2F98EE = {
			isa = PBXGroup;
			children = (
				21C0CBCA88A9F9AFBB7B813E /* ToDoApp */,
				F976C38DAE3EAD817B203EA7 /* ToDoAppWidget */,
				A3BE8DBA8C4431A9592E8745 /* Products */,
			);
			sourceTree = "<group>";
		};
		A3BE8DBA8C4431A9592E8745 /* Products */ = {
			isa = PBXGroup;
			children = (
				317451B1B109F75D0984C702 /* ToDoApp.app */,
				9FBC06D4253FE274C3C21970 /* ToDoAppWidget.appex */,
			);
			name = Products;
			sourceTree = "<group>";
		};
		BA1ABBECC0E60154746D669A /* Views */ = {
			isa = PBXGroup;
			children = (
				4ED4BC370E0A54FE6576D4FB /* HomeView.swift */,
				6C4D7A677E98DA962174F56D /* PlannerView.swift */,
				C9E5A4B09CCB21EFB2435C23 /* RescheduleSheet.swift */,
				2F8167B12DB212A72CC17ACB /* RootTabView.swift */,
				64E547680E27C6AEB4C31437 /* SettingsView.swift */,
				17D44756D124F568B89E0C7A /* ShareSheetView.swift */,
				9A2B3C72DC0835F149071641 /* TaskRow.swift */,
				B722D4E777F1F2BA465CE0F0 /* WeekFocusBanner.swift */,
			);
			path = Views;
			sourceTree = "<group>";
		};
		F976C38DAE3EAD817B203EA7 /* ToDoAppWidget */ = {
			isa = PBXGroup;
			children = (
				2B76FADB4ED91C1F8723526F /* FridgeWidget.swift */,
				483276A9EEE0DEF613B13CEF /* FridgeWidgetEntry.swift */,
				CD02AF1AC6F16853E90D0E81 /* FridgeWidgetProvider.swift */,
				D67AC9478869A5F66E5BEFED /* Info.plist */,
				EB0A090424804350D2F84C1C /* ToDoAppWidget.entitlements */,
				9B538B038291DE230E4D0AC9 /* ToDoAppWidgetBundle.swift */,
				C85538781EB2B06A8793D54F /* WidgetStore.swift */,
			);
			path = ToDoAppWidget;
			sourceTree = "<group>";
		};
/* End PBXGroup section */

/* Begin PBXNativeTarget section */
		8E09C28FE0D8A4498E5B6BC5 /* ToDoAppWidget */ = {
			isa = PBXNativeTarget;
			buildConfigurationList = A590BE16CE43A20981637B7C /* Build configuration list for PBXNativeTarget "ToDoAppWidget" */;
			buildPhases = (
				E2085796123ACE24C2DAE88B /* Sources */,
			);
			buildRules = (
			);
			dependencies = (
			);
			name = ToDoAppWidget;
			packageProductDependencies = (
			);
			productName = ToDoAppWidget;
			productReference = 9FBC06D4253FE274C3C21970 /* ToDoAppWidget.appex */;
			productType = "com.apple.product-type.app-extension";
		};
		CF2401504C8D92D3E87011FA /* ToDoApp */ = {
			isa = PBXNativeTarget;
			buildConfigurationList = D28A0C60896361EFEF3C372B /* Build configuration list for PBXNativeTarget "ToDoApp" */;
			buildPhases = (
				EB5A6DA8997E99A7EAC4C6B5 /* Sources */,
				9DD1B102EEA7A67B35499648 /* Resources */,
				99637B7A421AACA8F728D06C /* Embed Foundation Extensions */,
			);
			buildRules = (
			);
			dependencies = (
				55744734805956F03E63285F /* PBXTargetDependency */,
			);
			name = ToDoApp;
			packageProductDependencies = (
			);
			productName = ToDoApp;
			productReference = 317451B1B109F75D0984C702 /* ToDoApp.app */;
			productType = "com.apple.product-type.application";
		};
/* End PBXNativeTarget section */

/* Begin PBXProject section */
		0A0BC027BCCAE1EE009D76E3 /* Project object */ = {
			isa = PBXProject;
			attributes = {
				BuildIndependentTargetsInParallel = YES;
				LastUpgradeCheck = 1430;
				TargetAttributes = {
					8E09C28FE0D8A4498E5B6BC5 = {
						ProvisioningStyle = Automatic;
					};
					CF2401504C8D92D3E87011FA = {
						ProvisioningStyle = Automatic;
					};
				};
			};
			buildConfigurationList = 3D1A80EBE209D0E99AFD7476 /* Build configuration list for PBXProject "ToDoApp" */;
			developmentRegion = en;
			hasScannedForEncodings = 0;
			knownRegions = (
				Base,
				en,
			);
			mainGroup = 86536041823BD8341D2F98EE;
			minimizedProjectReferenceProxies = 1;
			preferredProjectObjectVersion = 77;
			productRefGroup = A3BE8DBA8C4431A9592E8745 /* Products */;
			projectDirPath = "";
			projectRoot = "";
			targets = (
				CF2401504C8D92D3E87011FA /* ToDoApp */,
				8E09C28FE0D8A4498E5B6BC5 /* ToDoAppWidget */,
			);
		};
/* End PBXProject section */

/* Begin PBXResourcesBuildPhase section */
		9DD1B102EEA7A67B35499648 /* Resources */ = {
			isa = PBXResourcesBuildPhase;
			buildActionMask = 2147483647;
			files = (
				72D0D39AA4C6B83EAD4F20A2 /* Assets.xcassets in Resources */,
				40A5DDD3CA0FC64F061840D0 /* Preview Assets.xcassets in Resources */,
			);
			runOnlyForDeploymentPostprocessing = 0;
		};
/* End PBXResourcesBuildPhase section */

/* Begin PBXSourcesBuildPhase section */
		E2085796123ACE24C2DAE88B /* Sources */ = {
			isa = PBXSourcesBuildPhase;
			buildActionMask = 2147483647;
			files = (
				E4ED5505974582717BD2FAAF /* Assignee.swift in Sources */,
				9385281766A4B237D7127051 /* CalendarHelper.swift in Sources */,
				44B934A50C32FDE17BD0D76A /* FridgeWidget.swift in Sources */,
				8A7D90CACE8428752E840E58 /* FridgeWidgetEntry.swift in Sources */,
				C9CE3A92053990A37055A7EA /* FridgeWidgetProvider.swift in Sources */,
				B90AEF4E22E253DC1526040A /* RecurrenceRule.swift in Sources */,
				6109FEFCCDDC65CB3513418D /* SharedAppGroup.swift in Sources */,
				592261C8CC2F67C53D8DBF4D /* TaskAttachment.swift in Sources */,
				A9B0DF162A9796EA7C6A6B47 /* TaskScope.swift in Sources */,
				BE6FDFDE3B913A239F163AF0 /* ToDoAppWidgetBundle.swift in Sources */,
				82EA982DD2E0C34A87EDC2D4 /* TodoItem.swift in Sources */,
				AC28E7BB19D22A5C10E4E45E /* WeekFocus.swift in Sources */,
				8ED8FC204BE12F21A5CDAC1F /* WidgetStore.swift in Sources */,
			);
			runOnlyForDeploymentPostprocessing = 0;
		};
		EB5A6DA8997E99A7EAC4C6B5 /* Sources */ = {
			isa = PBXSourcesBuildPhase;
			buildActionMask = 2147483647;
			files = (
				8B5D662678B63A452DD23A7F /* AppConfig.swift in Sources */,
				46098AFD43CA19828EB269E2 /* Assignee.swift in Sources */,
				71EC431A3A7EC073FAE31AFA /* CalendarHelper.swift in Sources */,
				23E2D2296DFD7B37BFC2DE9B /* DemoSeeder.swift in Sources */,
				187A3C4B9AF7B733D129A29D /* HomeView.swift in Sources */,
				9ED3ECA0C63C86B3436E39B9 /* ModelContainer+Shared.swift in Sources */,
				E0E0254AFE5B707F29BCBDEE /* PlannerView.swift in Sources */,
				E5778235C69E322B549EDF59 /* RecurrenceRule.swift in Sources */,
				80CF072CA5650B7B06FF88C3 /* RescheduleSheet.swift in Sources */,
				6CB4E97BA6E3C7E27891865F /* RootTabView.swift in Sources */,
				990D1DF5D041CB63B3173AD2 /* SettingsView.swift in Sources */,
				13F6BAB3B94AC7BD0F56BCC3 /* ShareSheetView.swift in Sources */,
				D1C9C063B4C1D9D8B460B0F8 /* SharedAppGroup.swift in Sources */,
				FD3F714B3773E39BB5FDB761 /* TaskAttachment.swift in Sources */,
				7E0B475545B238F8ED377958 /* TaskRow.swift in Sources */,
				5BA5A856DB6BBCBF66398860 /* TaskScope.swift in Sources */,
				1811CA283A3A1DECB3D3E05F /* ToDoAppApp.swift in Sources */,
				EFDBA73AC519929BAA639683 /* TodoItem.swift in Sources */,
				FEA115CBB701280C53BE8037 /* WeekFocus.swift in Sources */,
				D2187AB8F4F483B61EB5678C /* WeekFocusBanner.swift in Sources */,
			);
			runOnlyForDeploymentPostprocessing = 0;
		};
/* End PBXSourcesBuildPhase section */

/* Begin PBXTargetDependency section */
		55744734805956F03E63285F /* PBXTargetDependency */ = {
			isa = PBXTargetDependency;
			target = 8E09C28FE0D8A4498E5B6BC5 /* ToDoAppWidget */;
			targetProxy = 1372B8277311BD1A44616C7F /* PBXContainerItemProxy */;
		};
/* End PBXTargetDependency section */

/* Begin XCBuildConfiguration section */
		0E2137C6AD50590F51CBC28F /* Release */ = {
			isa = XCBuildConfiguration;
			buildSettings = {
				ALWAYS_SEARCH_USER_PATHS = NO;
				CLANG_ANALYZER_NONNULL = YES;
				CLANG_ANALYZER_NUMBER_OBJECT_CONVERSION = YES_AGGRESSIVE;
				CLANG_CXX_LANGUAGE_STANDARD = "gnu++14";
				CLANG_CXX_LIBRARY = "libc++";
				CLANG_ENABLE_MODULES = YES;
				CLANG_ENABLE_OBJC_ARC = YES;
				CLANG_ENABLE_OBJC_WEAK = YES;
				CLANG_WARN_BLOCK_CAPTURE_AUTORELEASING = YES;
				CLANG_WARN_BOOL_CONVERSION = YES;
				CLANG_WARN_COMMA = YES;
				CLANG_WARN_CONSTANT_CONVERSION = YES;
				CLANG_WARN_DEPRECATED_OBJC_IMPLEMENTATIONS = YES;
				CLANG_WARN_DIRECT_OBJC_ISA_USAGE = YES_ERROR;
				CLANG_WARN_DOCUMENTATION_COMMENTS = YES;
				CLANG_WARN_EMPTY_BODY = YES;
				CLANG_WARN_ENUM_CONVERSION = YES;
				CLANG_WARN_INFINITE_RECURSION = YES;
				CLANG_WARN_INT_CONVERSION = YES;
				CLANG_WARN_NON_LITERAL_NULL_CONVERSION = YES;
				CLANG_WARN_OBJC_IMPLICIT_RETAIN_SELF = YES;
				CLANG_WARN_OBJC_LITERAL_CONVERSION = YES;
				CLANG_WARN_OBJC_ROOT_CLASS = YES_ERROR;
				CLANG_WARN_QUOTED_INCLUDE_IN_FRAMEWORK_HEADER = YES;
				CLANG_WARN_RANGE_LOOP_ANALYSIS = YES;
				CLANG_WARN_STRICT_PROTOTYPES = YES;
				CLANG_WARN_SUSPICIOUS_MOVE = YES;
				CLANG_WARN_UNGUARDED_AVAILABILITY = YES_AGGRESSIVE;
				CLANG_WARN_UNREACHABLE_CODE = YES;
				CLANG_WARN__DUPLICATE_METHOD_MATCH = YES;
				CODE_SIGN_STYLE = Automatic;
				COPY_PHASE_STRIP = NO;
				CURRENT_PROJECT_VERSION = 1;
				DEBUG_INFORMATION_FORMAT = "dwarf-with-dsym";
				ENABLE_NS_ASSERTIONS = NO;
				ENABLE_STRICT_OBJC_MSGSEND = YES;
				GCC_C_LANGUAGE_STANDARD = gnu11;
				GCC_NO_COMMON_BLOCKS = YES;
				GCC_WARN_64_TO_32_BIT_CONVERSION = YES;
				GCC_WARN_ABOUT_RETURN_TYPE = YES_ERROR;
				GCC_WARN_UNDECLARED_SELECTOR = YES;
				GCC_WARN_UNINITIALIZED_AUTOS = YES_AGGRESSIVE;
				GCC_WARN_UNUSED_FUNCTION = YES;
				GCC_WARN_UNUSED_VARIABLE = YES;
				IPHONEOS_DEPLOYMENT_TARGET = 17.0;
				MARKETING_VERSION = 1.0;
				MTL_ENABLE_DEBUG_INFO = NO;
				MTL_FAST_MATH = YES;
				PRODUCT_NAME = "$(TARGET_NAME)";
				SDKROOT = iphoneos;
				SWIFT_COMPILATION_MODE = wholemodule;
				SWIFT_OPTIMIZATION_LEVEL = "-O";
				SWIFT_VERSION = 5.9;
			};
			name = Release;
		};
		2A418956021E79D2D0814DB3 /* Debug */ = {
			isa = XCBuildConfiguration;
			buildSettings = {
				ASSETCATALOG_COMPILER_APPICON_NAME = AppIcon;
				ASSETCATALOG_COMPILER_GLOBAL_ACCENT_COLOR_NAME = AccentColor;
				CODE_SIGN_ENTITLEMENTS = ToDoApp/ToDoApp.entitlements;
				CODE_SIGN_IDENTITY = "iPhone Developer";
				DEVELOPMENT_ASSET_PATHS = "\"ToDoApp/Preview Content\"";
				ENABLE_PREVIEWS = YES;
				GENERATE_INFOPLIST_FILE = YES;
				INFOPLIST_KEY_UILaunchScreen_Generation = YES;
				INFOPLIST_KEY_UISupportedInterfaceOrientations = "UIInterfaceOrientationPortrait UIInterfaceOrientationLandscapeLeft UIInterfaceOrientationLandscapeRight";
				LD_RUNPATH_SEARCH_PATHS = (
					"$(inherited)",
					"@executable_path/Frameworks",
				);
				PRODUCT_BUNDLE_IDENTIFIER = com.chris.ToDoApp;
				SDKROOT = iphoneos;
				TARGETED_DEVICE_FAMILY = "1,2";
			};
			name = Debug;
		};
		69BF24E2113080ED3578F05B /* Debug */ = {
			isa = XCBuildConfiguration;
			buildSettings = {
				ALWAYS_SEARCH_USER_PATHS = NO;
				CLANG_ANALYZER_NONNULL = YES;
				CLANG_ANALYZER_NUMBER_OBJECT_CONVERSION = YES_AGGRESSIVE;
				CLANG_CXX_LANGUAGE_STANDARD = "gnu++14";
				CLANG_CXX_LIBRARY = "libc++";
				CLANG_ENABLE_MODULES = YES;
				CLANG_ENABLE_OBJC_ARC = YES;
				CLANG_ENABLE_OBJC_WEAK = YES;
				CLANG_WARN_BLOCK_CAPTURE_AUTORELEASING = YES;
				CLANG_WARN_BOOL_CONVERSION = YES;
				CLANG_WARN_COMMA = YES;
				CLANG_WARN_CONSTANT_CONVERSION = YES;
				CLANG_WARN_DEPRECATED_OBJC_IMPLEMENTATIONS = YES;
				CLANG_WARN_DIRECT_OBJC_ISA_USAGE = YES_ERROR;
				CLANG_WARN_DOCUMENTATION_COMMENTS = YES;
				CLANG_WARN_EMPTY_BODY = YES;
				CLANG_WARN_ENUM_CONVERSION = YES;
				CLANG_WARN_INFINITE_RECURSION = YES;
				CLANG_WARN_INT_CONVERSION = YES;
				CLANG_WARN_NON_LITERAL_NULL_CONVERSION = YES;
				CLANG_WARN_OBJC_IMPLICIT_RETAIN_SELF = YES;
				CLANG_WARN_OBJC_LITERAL_CONVERSION = YES;
				CLANG_WARN_OBJC_ROOT_CLASS = YES_ERROR;
				CLANG_WARN_QUOTED_INCLUDE_IN_FRAMEWORK_HEADER = YES;
				CLANG_WARN_RANGE_LOOP_ANALYSIS = YES;
				CLANG_WARN_STRICT_PROTOTYPES = YES;
				CLANG_WARN_SUSPICIOUS_MOVE = YES;
				CLANG_WARN_UNGUARDED_AVAILABILITY = YES_AGGRESSIVE;
				CLANG_WARN_UNREACHABLE_CODE = YES;
				CLANG_WARN__DUPLICATE_METHOD_MATCH = YES;
				CODE_SIGN_STYLE = Automatic;
				COPY_PHASE_STRIP = NO;
				CURRENT_PROJECT_VERSION = 1;
				DEBUG_INFORMATION_FORMAT = dwarf;
				ENABLE_STRICT_OBJC_MSGSEND = YES;
				ENABLE_TESTABILITY = YES;
				GCC_C_LANGUAGE_STANDARD = gnu11;
				GCC_DYNAMIC_NO_PIC = NO;
				GCC_NO_COMMON_BLOCKS = YES;
				GCC_OPTIMIZATION_LEVEL = 0;
				GCC_PREPROCESSOR_DEFINITIONS = (
					"$(inherited)",
					"DEBUG=1",
				);
				GCC_WARN_64_TO_32_BIT_CONVERSION = YES;
				GCC_WARN_ABOUT_RETURN_TYPE = YES_ERROR;
				GCC_WARN_UNDECLARED_SELECTOR = YES;
				GCC_WARN_UNINITIALIZED_AUTOS = YES_AGGRESSIVE;
				GCC_WARN_UNUSED_FUNCTION = YES;
				GCC_WARN_UNUSED_VARIABLE = YES;
				IPHONEOS_DEPLOYMENT_TARGET = 17.0;
				MARKETING_VERSION = 1.0;
				MTL_ENABLE_DEBUG_INFO = INCLUDE_SOURCE;
				MTL_FAST_MATH = YES;
				ONLY_ACTIVE_ARCH = YES;
				PRODUCT_NAME = "$(TARGET_NAME)";
				SDKROOT = iphoneos;
				SWIFT_ACTIVE_COMPILATION_CONDITIONS = DEBUG;
				SWIFT_OPTIMIZATION_LEVEL = "-Onone";
				SWIFT_VERSION = 5.9;
			};
			name = Debug;
		};
		9463727A8A1F5306ECC74EF8 /* Debug */ = {
			isa = XCBuildConfiguration;
			buildSettings = {
				CODE_SIGN_ENTITLEMENTS = ToDoAppWidget/ToDoAppWidget.entitlements;
				GENERATE_INFOPLIST_FILE = NO;
				INFOPLIST_FILE = ToDoAppWidget/Info.plist;
				LD_RUNPATH_SEARCH_PATHS = (
					"$(inherited)",
					"@executable_path/Frameworks",
					"@executable_path/../../Frameworks",
				);
				PRODUCT_BUNDLE_IDENTIFIER = com.chris.ToDoApp.Widget;
				SDKROOT = iphoneos;
				SKIP_INSTALL = YES;
				TARGETED_DEVICE_FAMILY = "1,2";
			};
			name = Debug;
		};
		C2E68550C070151481BF5ACA /* Release */ = {
			isa = XCBuildConfiguration;
			buildSettings = {
				CODE_SIGN_ENTITLEMENTS = ToDoAppWidget/ToDoAppWidget.entitlements;
				GENERATE_INFOPLIST_FILE = NO;
				INFOPLIST_FILE = ToDoAppWidget/Info.plist;
				LD_RUNPATH_SEARCH_PATHS = (
					"$(inherited)",
					"@executable_path/Frameworks",
					"@executable_path/../../Frameworks",
				);
				PRODUCT_BUNDLE_IDENTIFIER = com.chris.ToDoApp.Widget;
				SDKROOT = iphoneos;
				SKIP_INSTALL = YES;
				TARGETED_DEVICE_FAMILY = "1,2";
			};
			name = Release;
		};
		C64C03E9BD4339DBB993360B /* Release */ = {
			isa = XCBuildConfiguration;
			buildSettings = {
				ASSETCATALOG_COMPILER_APPICON_NAME = AppIcon;
				ASSETCATALOG_COMPILER_GLOBAL_ACCENT_COLOR_NAME = AccentColor;
				CODE_SIGN_ENTITLEMENTS = ToDoApp/ToDoApp.entitlements;
				CODE_SIGN_IDENTITY = "iPhone Developer";
				DEVELOPMENT_ASSET_PATHS = "\"ToDoApp/Preview Content\"";
				ENABLE_PREVIEWS = YES;
				GENERATE_INFOPLIST_FILE = YES;
				INFOPLIST_KEY_UILaunchScreen_Generation = YES;
				INFOPLIST_KEY_UISupportedInterfaceOrientations = "UIInterfaceOrientationPortrait UIInterfaceOrientationLandscapeLeft UIInterfaceOrientationLandscapeRight";
				LD_RUNPATH_SEARCH_PATHS = (
					"$(inherited)",
					"@executable_path/Frameworks",
				);
				PRODUCT_BUNDLE_IDENTIFIER = com.chris.ToDoApp;
				SDKROOT = iphoneos;
				TARGETED_DEVICE_FAMILY = "1,2";
			};
			name = Release;
		};
/* End XCBuildConfiguration section */

/* Begin XCConfigurationList section */
		3D1A80EBE209D0E99AFD7476 /* Build configuration list for PBXProject "ToDoApp" */ = {
			isa = XCConfigurationList;
			buildConfigurations = (
				69BF24E2113080ED3578F05B /* Debug */,
				0E2137C6AD50590F51CBC28F /* Release */,
			);
			defaultConfigurationIsVisible = 0;
			defaultConfigurationName = Debug;
		};
		A590BE16CE43A20981637B7C /* Build configuration list for PBXNativeTarget "ToDoAppWidget" */ = {
			isa = XCConfigurationList;
			buildConfigurations = (
				9463727A8A1F5306ECC74EF8 /* Debug */,
				C2E68550C070151481BF5ACA /* Release */,
			);
			defaultConfigurationIsVisible = 0;
			defaultConfigurationName = Debug;
		};
		D28A0C60896361EFEF3C372B /* Build configuration list for PBXNativeTarget "ToDoApp" */ = {
			isa = XCConfigurationList;
			buildConfigurations = (
				2A418956021E79D2D0814DB3 /* Debug */,
				C64C03E9BD4339DBB993360B /* Release */,
			);
			defaultConfigurationIsVisible = 0;
			defaultConfigurationName = Debug;
		};
/* End XCConfigurationList section */
	};
	rootObject = 0A0BC027BCCAE1EE009D76E3 /* Project object */;
}
