// !$*UTF8*$!
{
	archiveVersion = 1;
	classes = {
	};
	objectVersion = 77;
	objects = {

/* Begin PBXBuildFile section */
		1811CA283A3A1DECB3D3E05F /* ToDoAppApp.swift in Sources */ = {isa = PBXBuildFile; fileRef = F79DFD2652191E52A8132801 /* ToDoAppApp.swift */; };
		40A5DDD3CA0FC64F061840D0 /* Preview Assets.xcassets in Resources */ = {isa = PBXBuildFile; fileRef = F82D84D7171BDE2950B437AC /* Preview Assets.xcassets */; };
		52E1BA411A011C9420F5D901 /* TaskListView.swift in Sources */ = {isa = PBXBuildFile; fileRef = F8A39CCD0968824AA18B4B5F /* TaskListView.swift */; };
		5BA5A856DB6BBCBF66398860 /* TaskScope.swift in Sources */ = {isa = PBXBuildFile; fileRef = 3B7463D7A8199BD05F4CD513 /* TaskScope.swift */; };
		6CB4E97BA6E3C7E27891865F /* RootTabView.swift in Sources */ = {isa = PBXBuildFile; fileRef = 2F8167B12DB212A72CC17ACB /* RootTabView.swift */; };
		72D0D39AA4C6B83EAD4F20A2 /* Assets.xcassets in Resources */ = {isa = PBXBuildFile; fileRef = 888526FD9C99D628D33D6462 /* Assets.xcassets */; };
		7E0B475545B238F8ED377958 /* TaskRow.swift in Sources */ = {isa = PBXBuildFile; fileRef = 9A2B3C72DC0835F149071641 /* TaskRow.swift */; };
		842E957414F10F69FBE5E47E /* AddTaskSheet.swift in Sources */ = {isa = PBXBuildFile; fileRef = 47A754488D87AD86D36DEC95 /* AddTaskSheet.swift */; };
		9ED3ECA0C63C86B3436E39B9 /* ModelContainer+Shared.swift in Sources */ = {isa = PBXBuildFile; fileRef = E4CEE1C47C5432B91C474E30 /* ModelContainer+Shared.swift */; };
		EFDBA73AC519929BAA639683 /* TodoItem.swift in Sources */ = {isa = PBXBuildFile; fileRef = E621D2F5DA713C77F5729DD2 /* TodoItem.swift */; };
/* End PBXBuildFile section */

/* Begin PBXFileReference section */
		2F8167B12DB212A72CC17ACB /* RootTabView.swift */ = {isa = PBXFileReference; lastKnownFileType = sourcecode.swift; path = RootTabView.swift; sourceTree = "<group>"; };
		317451B1B109F75D0984C702 /* ToDoApp.app */ = {isa = PBXFileReference; includeInIndex = 0; lastKnownFileType = wrapper.application; path = ToDoApp.app; sourceTree = BUILT_PRODUCTS_DIR; };
		3B7463D7A8199BD05F4CD513 /* TaskScope.swift */ = {isa = PBXFileReference; lastKnownFileType = sourcecode.swift; path = TaskScope.swift; sourceTree = "<group>"; };
		47A754488D87AD86D36DEC95 /* AddTaskSheet.swift */ = {isa = PBXFileReference; lastKnownFileType = sourcecode.swift; path = AddTaskSheet.swift; sourceTree = "<group>"; };
		888526FD9C99D628D33D6462 /* Assets.xcassets */ = {isa = PBXFileReference; lastKnownFileType = folder.assetcatalog; path = Assets.xcassets; sourceTree = "<group>"; };
		9A2B3C72DC0835F149071641 /* TaskRow.swift */ = {isa = PBXFileReference; lastKnownFileType = sourcecode.swift; path = TaskRow.swift; sourceTree = "<group>"; };
		E4CEE1C47C5432B91C474E30 /* ModelContainer+Shared.swift */ = {isa = PBXFileReference; lastKnownFileType = sourcecode.swift; path = "ModelContainer+Shared.swift"; sourceTree = "<group>"; };
		E621D2F5DA713C77F5729DD2 /* TodoItem.swift */ = {isa = PBXFileReference; lastKnownFileType = sourcecode.swift; path = TodoItem.swift; sourceTree = "<group>"; };
		F79DFD2652191E52A8132801 /* ToDoAppApp.swift */ = {isa = PBXFileReference; lastKnownFileType = sourcecode.swift; path = ToDoAppApp.swift; sourceTree = "<group>"; };
		F82D84D7171BDE2950B437AC /* Preview Assets.xcassets */ = {isa = PBXFileReference; lastKnownFileType = folder.assetcatalog; path = "Preview Assets.xcassets"; sourceTree = "<group>"; };
		F8A39CCD0968824AA18B4B5F /* TaskListView.swift */ = {isa = PBXFileReference; lastKnownFileType = sourcecode.swift; path = TaskListView.swift; sourceTree = "<group>"; };
/* End PBXFileReference section */

/* Begin PBXGroup section */
		1CBABD74A524730ADEFF27A9 /* Persistence */ = {
			isa = PBXGroup;
			children = (
				E4CEE1C47C5432B91C474E30 /* ModelContainer+Shared.swift */,
			);
			path = Persistence;
			sourceTree = "<group>";
		};
		21C0CBCA88A9F9AFBB7B813E /* ToDoApp */ = {
			isa = PBXGroup;
			children = (
				888526FD9C99D628D33D6462 /* Assets.xcassets */,
				F79DFD2652191E52A8132801 /* ToDoAppApp.swift */,
				6A15470FA35F216053463EF5 /* Models */,
				1CBABD74A524730ADEFF27A9 /* Persistence */,
				4783255A3D3C93842AEECA9D /* Preview Content */,
				BA1ABBECC0E60154746D669A /* Views */,
			);
			path = ToDoApp;
			sourceTree = "<group>";
		};
		4783255A3D3C93842AEECA9D /* Preview Content */ = {
			isa = PBXGroup;
			children = (
				F82D84D7171BDE2950B437AC /* Preview Assets.xcassets */,
			);
			path = "Preview Content";
			sourceTree = "<group>";
		};
		6A15470FA35F216053463EF5 /* Models */ = {
			isa = PBXGroup;
			children = (
				3B7463D7A8199BD05F4CD513 /* TaskScope.swift */,
				E621D2F5DA713C77F5729DD2 /* TodoItem.swift */,
			);
			path = Models;
			sourceTree = "<group>";
		};
		86536041823BD8341D2F98EE = {
			isa = PBXGroup;
			children = (
				21C0CBCA88A9F9AFBB7B813E /* ToDoApp */,
				A3BE8DBA8C4431A9592E8745 /* Products */,
			);
			sourceTree = "<group>";
		};
		A3BE8DBA8C4431A9592E8745 /* Products */ = {
			isa = PBXGroup;
			children = (
				317451B1B109F75D0984C702 /* ToDoApp.app */,
			);
			name = Products;
			sourceTree = "<group>";
		};
		BA1ABBECC0E60154746D669A /* Views */ = {
			isa = PBXGroup;
			children = (
				47A754488D87AD86D36DEC95 /* AddTaskSheet.swift */,
				2F8167B12DB212A72CC17ACB /* RootTabView.swift */,
				F8A39CCD0968824AA18B4B5F /* TaskListView.swift */,
				9A2B3C72DC0835F149071641 /* TaskRow.swift */,
			);
			path = Views;
			sourceTree = "<group>";
		};
/* End PBXGroup section */

/* Begin PBXNativeTarget section */
		CF2401504C8D92D3E87011FA /* ToDoApp */ = {
			isa = PBXNativeTarget;
			buildConfigurationList = D28A0C60896361EFEF3C372B /* Build configuration list for PBXNativeTarget "ToDoApp" */;
			buildPhases = (
				EB5A6DA8997E99A7EAC4C6B5 /* Sources */,
				9DD1B102EEA7A67B35499648 /* Resources */,
			);
			buildRules = (
			);
			dependencies = (
			);
			name = ToDoApp;
			packageProductDependencies = (
			);
			productName = ToDoApp;
			productReference = 317451B1B109F75D0984C702 /* ToDoApp.app */;
			productType = "com.apple.product-type.application";
		};
/* End PBXNativeTarget section */

/* Begin PBXProject section */
		0A0BC027BCCAE1EE009D76E3 /* Project object */ = {
			isa = PBXProject;
			attributes = {
				BuildIndependentTargetsInParallel = YES;
				LastUpgradeCheck = 1430;
				TargetAttributes = {
					CF2401504C8D92D3E87011FA = {
						ProvisioningStyle = Automatic;
					};
				};
			};
			buildConfigurationList = 3D1A80EBE209D0E99AFD7476 /* Build configuration list for PBXProject "ToDoApp" */;
			developmentRegion = en;
			hasScannedForEncodings = 0;
			knownRegions = (
				Base,
				en,
			);
			mainGroup = 86536041823BD8341D2F98EE;
			minimizedProjectReferenceProxies = 1;
			preferredProjectObjectVersion = 77;
			productRefGroup = A3BE8DBA8C4431A9592E8745 /* Products */;
			projectDirPath = "";
			projectRoot = "";
			targets = (
				CF2401504C8D92D3E87011FA /* ToDoApp */,
			);
		};
/* End PBXProject section */

/* Begin PBXResourcesBuildPhase section */
		9DD1B102EEA7A67B35499648 /* Resources */ = {
			isa = PBXResourcesBuildPhase;
			buildActionMask = 2147483647;
			files = (
				72D0D39AA4C6B83EAD4F20A2 /* Assets.xcassets in Resources */,
				40A5DDD3CA0FC64F061840D0 /* Preview Assets.xcassets in Resources */,
			);
			runOnlyForDeploymentPostprocessing = 0;
		};
/* End PBXResourcesBuildPhase section */

/* Begin PBXSourcesBuildPhase section */
		EB5A6DA8997E99A7EAC4C6B5 /* Sources */ = {
			isa = PBXSourcesBuildPhase;
			buildActionMask = 2147483647;
			files = (
				842E957414F10F69FBE5E47E /* AddTaskSheet.swift in Sources */,
				9ED3ECA0C63C86B3436E39B9 /* ModelContainer+Shared.swift in Sources */,
				6CB4E97BA6E3C7E27891865F /* RootTabView.swift in Sources */,
				52E1BA411A011C9420F5D901 /* TaskListView.swift in Sources */,
				7E0B475545B238F8ED377958 /* TaskRow.swift in Sources */,
				5BA5A856DB6BBCBF66398860 /* TaskScope.swift in Sources */,
				1811CA283A3A1DECB3D3E05F /* ToDoAppApp.swift in Sources */,
				EFDBA73AC519929BAA639683 /* TodoItem.swift in Sources */,
			);
			runOnlyForDeploymentPostprocessing = 0;
		};
/* End PBXSourcesBuildPhase section */

/* Begin XCBuildConfiguration section */
		0E2137C6AD50590F51CBC28F /* Release */ = {
			isa = XCBuildConfiguration;
			buildSettings = {
				ALWAYS_SEARCH_USER_PATHS = NO;
				CLANG_ANALYZER_NONNULL = YES;
				CLANG_ANALYZER_NUMBER_OBJECT_CONVERSION = YES_AGGRESSIVE;
				CLANG_CXX_LANGUAGE_STANDARD = "gnu++14";
				CLANG_CXX_LIBRARY = "libc++";
				CLANG_ENABLE_MODULES = YES;
				CLANG_ENABLE_OBJC_ARC = YES;
				CLANG_ENABLE_OBJC_WEAK = YES;
				CLANG_WARN_BLOCK_CAPTURE_AUTORELEASING = YES;
				CLANG_WARN_BOOL_CONVERSION = YES;
				CLANG_WARN_COMMA = YES;
				CLANG_WARN_CONSTANT_CONVERSION = YES;
				CLANG_WARN_DEPRECATED_OBJC_IMPLEMENTATIONS = YES;
				CLANG_WARN_DIRECT_OBJC_ISA_USAGE = YES_ERROR;
				CLANG_WARN_DOCUMENTATION_COMMENTS = YES;
				CLANG_WARN_EMPTY_BODY = YES;
				CLANG_WARN_ENUM_CONVERSION = YES;
				CLANG_WARN_INFINITE_RECURSION = YES;
				CLANG_WARN_INT_CONVERSION = YES;
				CLANG_WARN_NON_LITERAL_NULL_CONVERSION = YES;
				CLANG_WARN_OBJC_IMPLICIT_RETAIN_SELF = YES;
				CLANG_WARN_OBJC_LITERAL_CONVERSION = YES;
				CLANG_WARN_OBJC_ROOT_CLASS = YES_ERROR;
				CLANG_WARN_QUOTED_INCLUDE_IN_FRAMEWORK_HEADER = YES;
				CLANG_WARN_RANGE_LOOP_ANALYSIS = YES;
				CLANG_WARN_STRICT_PROTOTYPES = YES;
				CLANG_WARN_SUSPICIOUS_MOVE = YES;
				CLANG_WARN_UNGUARDED_AVAILABILITY = YES_AGGRESSIVE;
				CLANG_WARN_UNREACHABLE_CODE = YES;
				CLANG_WARN__DUPLICATE_METHOD_MATCH = YES;
				CODE_SIGN_STYLE = Automatic;
				COPY_PHASE_STRIP = NO;
				DEBUG_INFORMATION_FORMAT = "dwarf-with-dsym";
				ENABLE_NS_ASSERTIONS = NO;
				ENABLE_STRICT_OBJC_MSGSEND = YES;
				GCC_C_LANGUAGE_STANDARD = gnu11;
				GCC_NO_COMMON_BLOCKS = YES;
				GCC_WARN_64_TO_32_BIT_CONVERSION = YES;
				GCC_WARN_ABOUT_RETURN_TYPE = YES_ERROR;
				GCC_WARN_UNDECLARED_SELECTOR = YES;
				GCC_WARN_UNINITIALIZED_AUTOS = YES_AGGRESSIVE;
				GCC_WARN_UNUSED_FUNCTION = YES;
				GCC_WARN_UNUSED_VARIABLE = YES;
				IPHONEOS_DEPLOYMENT_TARGET = 17.0;
				MTL_ENABLE_DEBUG_INFO = NO;
				MTL_FAST_MATH = YES;
				PRODUCT_NAME = "$(TARGET_NAME)";
				SDKROOT = iphoneos;
				SWIFT_COMPILATION_MODE = wholemodule;
				SWIFT_OPTIMIZATION_LEVEL = "-O";
				SWIFT_VERSION = 5.9;
			};
			name = Release;
		};
		2A418956021E79D2D0814DB3 /* Debug */ = {
			isa = XCBuildConfiguration;
			buildSettings = {
				ASSETCATALOG_COMPILER_APPICON_NAME = AppIcon;
				ASSETCATALOG_COMPILER_GLOBAL_ACCENT_COLOR_NAME = AccentColor;
				CODE_SIGN_IDENTITY = "iPhone Developer";
				DEVELOPMENT_ASSET_PATHS = "\"ToDoApp/Preview Content\"";
				ENABLE_PREVIEWS = YES;
				GENERATE_INFOPLIST_FILE = YES;
				INFOPLIST_KEY_UILaunchScreen_Generation = YES;
				INFOPLIST_KEY_UISupportedInterfaceOrientations = "UIInterfaceOrientationPortrait UIInterfaceOrientationLandscapeLeft UIInterfaceOrientationLandscapeRight";
				LD_RUNPATH_SEARCH_PATHS = (
					"$(inherited)",
					"@executable_path/Frameworks",
				);
				PRODUCT_BUNDLE_IDENTIFIER = com.chris.ToDoApp;
				SDKROOT = iphoneos;
				TARGETED_DEVICE_FAMILY = "1,2";
			};
			name = Debug;
		};
		69BF24E2113080ED3578F05B /* Debug */ = {
			isa = XCBuildConfiguration;
			buildSettings = {
				ALWAYS_SEARCH_USER_PATHS = NO;
				CLANG_ANALYZER_NONNULL = YES;
				CLANG_ANALYZER_NUMBER_OBJECT_CONVERSION = YES_AGGRESSIVE;
				CLANG_CXX_LANGUAGE_STANDARD = "gnu++14";
				CLANG_CXX_LIBRARY = "libc++";
				CLANG_ENABLE_MODULES = YES;
				CLANG_ENABLE_OBJC_ARC = YES;
				CLANG_ENABLE_OBJC_WEAK = YES;
				CLANG_WARN_BLOCK_CAPTURE_AUTORELEASING = YES;
				CLANG_WARN_BOOL_CONVERSION = YES;
				CLANG_WARN_COMMA = YES;
				CLANG_WARN_CONSTANT_CONVERSION = YES;
				CLANG_WARN_DEPRECATED_OBJC_IMPLEMENTATIONS = YES;
				CLANG_WARN_DIRECT_OBJC_ISA_USAGE = YES_ERROR;
				CLANG_WARN_DOCUMENTATION_COMMENTS = YES;
				CLANG_WARN_EMPTY_BODY = YES;
				CLANG_WARN_ENUM_CONVERSION = YES;
				CLANG_WARN_INFINITE_RECURSION = YES;
				CLANG_WARN_INT_CONVERSION = YES;
				CLANG_WARN_NON_LITERAL_NULL_CONVERSION = YES;
				CLANG_WARN_OBJC_IMPLICIT_RETAIN_SELF = YES;
				CLANG_WARN_OBJC_LITERAL_CONVERSION = YES;
				CLANG_WARN_OBJC_ROOT_CLASS = YES_ERROR;
				CLANG_WARN_QUOTED_INCLUDE_IN_FRAMEWORK_HEADER = YES;
				CLANG_WARN_RANGE_LOOP_ANALYSIS = YES;
				CLANG_WARN_STRICT_PROTOTYPES = YES;
				CLANG_WARN_SUSPICIOUS_MOVE = YES;
				CLANG_WARN_UNGUARDED_AVAILABILITY = YES_AGGRESSIVE;
				CLANG_WARN_UNREACHABLE_CODE = YES;
				CLANG_WARN__DUPLICATE_METHOD_MATCH = YES;
				CODE_SIGN_STYLE = Automatic;
				COPY_PHASE_STRIP = NO;
				DEBUG_INFORMATION_FORMAT = dwarf;
				ENABLE_STRICT_OBJC_MSGSEND = YES;
				ENABLE_TESTABILITY = YES;
				GCC_C_LANGUAGE_STANDARD = gnu11;
				GCC_DYNAMIC_NO_PIC = NO;
				GCC_NO_COMMON_BLOCKS = YES;
				GCC_OPTIMIZATION_LEVEL = 0;
				GCC_PREPROCESSOR_DEFINITIONS = (
					"$(inherited)",
					"DEBUG=1",
				);
				GCC_WARN_64_TO_32_BIT_CONVERSION = YES;
				GCC_WARN_ABOUT_RETURN_TYPE = YES_ERROR;
				GCC_WARN_UNDECLARED_SELECTOR = YES;
				GCC_WARN_UNINITIALIZED_AUTOS = YES_AGGRESSIVE;
				GCC_WARN_UNUSED_FUNCTION = YES;
				GCC_WARN_UNUSED_VARIABLE = YES;
				IPHONEOS_DEPLOYMENT_TARGET = 17.0;
				MTL_ENABLE_DEBUG_INFO = INCLUDE_SOURCE;
				MTL_FAST_MATH = YES;
				ONLY_ACTIVE_ARCH = YES;
				PRODUCT_NAME = "$(TARGET_NAME)";
				SDKROOT = iphoneos;
				SWIFT_ACTIVE_COMPILATION_CONDITIONS = DEBUG;
				SWIFT_OPTIMIZATION_LEVEL = "-Onone";
				SWIFT_VERSION = 5.9;
			};
			name = Debug;
		};
		C64C03E9BD4339DBB993360B /* Release */ = {
			isa = XCBuildConfiguration;
			buildSettings = {
				ASSETCATALOG_COMPILER_APPICON_NAME = AppIcon;
				ASSETCATALOG_COMPILER_GLOBAL_ACCENT_COLOR_NAME = AccentColor;
				CODE_SIGN_IDENTITY = "iPhone Developer";
				DEVELOPMENT_ASSET_PATHS = "\"ToDoApp/Preview Content\"";
				ENABLE_PREVIEWS = YES;
				GENERATE_INFOPLIST_FILE = YES;
				INFOPLIST_KEY_UILaunchScreen_Generation = YES;
				INFOPLIST_KEY_UISupportedInterfaceOrientations = "UIInterfaceOrientationPortrait UIInterfaceOrientationLandscapeLeft UIInterfaceOrientationLandscapeRight";
				LD_RUNPATH_SEARCH_PATHS = (
					"$(inherited)",
					"@executable_path/Frameworks",
				);
				PRODUCT_BUNDLE_IDENTIFIER = com.chris.ToDoApp;
				SDKROOT = iphoneos;
				TARGETED_DEVICE_FAMILY = "1,2";
			};
			name = Release;
		};
/* End XCBuildConfiguration section */

/* Begin XCConfigurationList section */
		3D1A80EBE209D0E99AFD7476 /* Build configuration list for PBXProject "ToDoApp" */ = {
			isa = XCConfigurationList;
			buildConfigurations = (
				69BF24E2113080ED3578F05B /* Debug */,
				0E2137C6AD50590F51CBC28F /* Release */,
			);
			defaultConfigurationIsVisible = 0;
			defaultConfigurationName = Debug;
		};
		D28A0C60896361EFEF3C372B /* Build configuration list for PBXNativeTarget "ToDoApp" */ = {
			isa = XCConfigurationList;
			buildConfigurations = (
				2A418956021E79D2D0814DB3 /* Debug */,
				C64C03E9BD4339DBB993360B /* Release */,
			);
			defaultConfigurationIsVisible = 0;
			defaultConfigurationName = Debug;
		};
/* End XCConfigurationList section */
	};
	rootObject = 0A0BC027BCCAE1EE009D76E3 /* Project object */;
}
